// !$*UTF8*$!
{
	archiveVersion = 1;
	classes = {
	};
	objectVersion = 56;
	objects = {

/* Begin PBXBuildFile section */
		B1E000000000000000000000 /* AnnotateTool.swift in Sources */ = {isa = PBXBuildFile; fileRef = C1E000000000000000000000 /* AnnotateTool.swift */; };
		B1E000000000000000000001 /* MosaicTypes.swift in Sources */ = {isa = PBXBuildFile; fileRef = C1E000000000000000000001 /* MosaicTypes.swift */; };
		B1E000000000000000000002 /* MarkerStyle.swift in Sources */ = {isa = PBXBuildFile; fileRef = C1E000000000000000000002 /* MarkerStyle.swift */; };
		B1E000000000000000000003 /* EraserStyle.swift in Sources */ = {isa = PBXBuildFile; fileRef = C1E000000000000000000003 /* EraserStyle.swift */; };
		B1E000000000000000000004 /* ArrowStyle.swift in Sources */ = {isa = PBXBuildFile; fileRef = C1E000000000000000000004 /* ArrowStyle.swift */; };
		B1E000000000000000000005 /* AnnotationStyle.swift in Sources */ = {isa = PBXBuildFile; fileRef = C1E000000000000000000005 /* AnnotationStyle.swift */; };
		B1E000000000000000000006 /* AnnotationPrefs.swift in Sources */ = {isa = PBXBuildFile; fileRef = C1E000000000000000000006 /* AnnotationPrefs.swift */; };
		B1E000000000000000000007 /* TextAnnotation.swift in Sources */ = {isa = PBXBuildFile; fileRef = C1E000000000000000000007 /* TextAnnotation.swift */; };
		B1E000000000000000000008 /* StepAnnotation.swift in Sources */ = {isa = PBXBuildFile; fileRef = C1E000000000000000000008 /* StepAnnotation.swift */; };
		B1E000000000000000000009 /* MagnifierAnnotation.swift in Sources */ = {isa = PBXBuildFile; fileRef = C1E000000000000000000009 /* MagnifierAnnotation.swift */; };
		B1E00000000000000000000A /* Annotation.swift in Sources */ = {isa = PBXBuildFile; fileRef = C1E00000000000000000000A /* Annotation.swift */; };
		B1E00000000000000000000B /* PolylineSimplifier.swift in Sources */ = {isa = PBXBuildFile; fileRef = C1E00000000000000000000B /* PolylineSimplifier.swift */; };
		B1E00000000000000000000C /* AnnotationDrawing.swift in Sources */ = {isa = PBXBuildFile; fileRef = C1E00000000000000000000C /* AnnotationDrawing.swift */; };
		B1E00000000000000000000D /* AnnotationDrawing+Shape.swift in Sources */ = {isa = PBXBuildFile; fileRef = C1E00000000000000000000D /* AnnotationDrawing+Shape.swift */; };
		B1E00000000000000000000E /* AnnotationDrawing+Arrow.swift in Sources */ = {isa = PBXBuildFile; fileRef = C1E00000000000000000000E /* AnnotationDrawing+Arrow.swift */; };
		B1E00000000000000000000F /* AnnotationDrawing+Pencil.swift in Sources */ = {isa = PBXBuildFile; fileRef = C1E00000000000000000000F /* AnnotationDrawing+Pencil.swift */; };
		B1E000000000000000000010 /* AnnotationDrawing+Marker.swift in Sources */ = {isa = PBXBuildFile; fileRef = C1E000000000000000000010 /* AnnotationDrawing+Marker.swift */; };
		B1E000000000000000000011 /* AnnotationDrawing+Eraser.swift in Sources */ = {isa = PBXBuildFile; fileRef = C1E000000000000000000011 /* AnnotationDrawing+Eraser.swift */; };
		B1E000000000000000000012 /* AnnotationDrawing+Mosaic.swift in Sources */ = {isa = PBXBuildFile; fileRef = C1E000000000000000000012 /* AnnotationDrawing+Mosaic.swift */; };
		B1E000000000000000000013 /* AnnotationDrawing+Text.swift in Sources */ = {isa = PBXBuildFile; fileRef = C1E000000000000000000013 /* AnnotationDrawing+Text.swift */; };
		B1E000000000000000000014 /* AnnotationDrawing+Magnifier.swift in Sources */ = {isa = PBXBuildFile; fileRef = C1E000000000000000000014 /* AnnotationDrawing+Magnifier.swift */; };
		B1E000000000000000000015 /* AnnotationDrawing+Step.swift in Sources */ = {isa = PBXBuildFile; fileRef = C1E000000000000000000015 /* AnnotationDrawing+Step.swift */; };
		B1E000000000000000000016 /* AnnotationDrawing+HitTest.swift in Sources */ = {isa = PBXBuildFile; fileRef = C1E000000000000000000016 /* AnnotationDrawing+HitTest.swift */; };
		B1E000000000000000000017 /* AnnotationCursors.swift in Sources */ = {isa = PBXBuildFile; fileRef = C1E000000000000000000017 /* AnnotationCursors.swift */; };
		B1F000000000000000000000 /* RefineToolbarViews.swift in Sources */ = {isa = PBXBuildFile; fileRef = C1F000000000000000000000 /* RefineToolbarViews.swift */; };
		B1F000000000000000000001 /* RefineToolbar+Text.swift in Sources */ = {isa = PBXBuildFile; fileRef = C1F000000000000000000001 /* RefineToolbar+Text.swift */; };
		B1F000000000000000000002 /* RefineToolbar+Mosaic.swift in Sources */ = {isa = PBXBuildFile; fileRef = C1F000000000000000000002 /* RefineToolbar+Mosaic.swift */; };
		B1F000000000000000000003 /* RefineToolbar+Marker.swift in Sources */ = {isa = PBXBuildFile; fileRef = C1F000000000000000000003 /* RefineToolbar+Marker.swift */; };
		B1F000000000000000000004 /* RefineToolbar+Eraser.swift in Sources */ = {isa = PBXBuildFile; fileRef = C1F000000000000000000004 /* RefineToolbar+Eraser.swift */; };
		B1F000000000000000000005 /* RefineToolbar+Step.swift in Sources */ = {isa = PBXBuildFile; fileRef = C1F000000000000000000005 /* RefineToolbar+Step.swift */; };
		B1F000000000000000000006 /* RefineToolbar+Magnifier.swift in Sources */ = {isa = PBXBuildFile; fileRef = C1F000000000000000000006 /* RefineToolbar+Magnifier.swift */; };
		B1F000000000000000000007 /* RefineToolbar+Arrow.swift in Sources */ = {isa = PBXBuildFile; fileRef = C1F000000000000000000007 /* RefineToolbar+Arrow.swift */; };
		B1F000000000000000000008 /* RefineToolbar+Icons.swift in Sources */ = {isa = PBXBuildFile; fileRef = C1F000000000000000000008 /* RefineToolbar+Icons.swift */; };
		B1F000000000000000000009 /* SelectionOverlay+AnnotateDraft.swift in Sources */ = {isa = PBXBuildFile; fileRef = C1F000000000000000000009 /* SelectionOverlay+AnnotateDraft.swift */; };
		B1F00000000000000000000A /* SelectionOverlay+HitTest.swift in Sources */ = {isa = PBXBuildFile; fileRef = C1F00000000000000000000A /* SelectionOverlay+HitTest.swift */; };
		B1F00000000000000000000B /* SelectionOverlay+AnnotateStyle.swift in Sources */ = {isa = PBXBuildFile; fileRef = C1F00000000000000000000B /* SelectionOverlay+AnnotateStyle.swift */; };
		B1F00000000000000000000C /* SelectionOverlay+Text.swift in Sources */ = {isa = PBXBuildFile; fileRef = C1F00000000000000000000C /* SelectionOverlay+Text.swift */; };
		B1F00000000000000000000D /* SelectionOverlay+Geometry.swift in Sources */ = {isa = PBXBuildFile; fileRef = C1F00000000000000000000D /* SelectionOverlay+Geometry.swift */; };
		B1F00000000000000000000E /* SelectionOverlay+History.swift in Sources */ = {isa = PBXBuildFile; fileRef = C1F00000000000000000000E /* SelectionOverlay+History.swift */; };
		B1F00000000000000000000F /* SelectionOverlay+Toolbar.swift in Sources */ = {isa = PBXBuildFile; fileRef = C1F00000000000000000000F /* SelectionOverlay+Toolbar.swift */; };
		B10000000000000000000001 /* EggplantShotApp.swift in Sources */ = {isa = PBXBuildFile; fileRef = C10000000000000000000001 /* EggplantShotApp.swift */; };
		B10000000000000000000002 /* HotkeyMonitor.swift in Sources */ = {isa = PBXBuildFile; fileRef = C10000000000000000000002 /* HotkeyMonitor.swift */; };
		B10000000000000000000003 /* HotkeyShortcut.swift in Sources */ = {isa = PBXBuildFile; fileRef = C10000000000000000000003 /* HotkeyShortcut.swift */; };
		B10000000000000000000004 /* ScreenPermissions.swift in Sources */ = {isa = PBXBuildFile; fileRef = C10000000000000000000004 /* ScreenPermissions.swift */; };
		B10000000000000000000005 /* ScreenCapturer.swift in Sources */ = {isa = PBXBuildFile; fileRef = C10000000000000000000005 /* ScreenCapturer.swift */; };
		B1000000000000000000000E /* WindowHitTester.swift in Sources */ = {isa = PBXBuildFile; fileRef = C1000000000000000000000E /* WindowHitTester.swift */; };
		B1000000000000000000000F /* ImageFileSaver.swift in Sources */ = {isa = PBXBuildFile; fileRef = C1000000000000000000000F /* ImageFileSaver.swift */; };
		B1000000000000000000001A /* TextRecognizer.swift in Sources */ = {isa = PBXBuildFile; fileRef = C1000000000000000000001A /* TextRecognizer.swift */; };
		B1000000000000000000001B /* FeedbackSound.swift in Sources */ = {isa = PBXBuildFile; fileRef = C1000000000000000000001B /* FeedbackSound.swift */; };
		B1C000000000000000000001 /* ClipboardPaster.swift in Sources */ = {isa = PBXBuildFile; fileRef = C1C000000000000000000001 /* ClipboardPaster.swift */; };
		B1000000000000000000001C /* ocr-success.wav in Resources */ = {isa = PBXBuildFile; fileRef = C1000000000000000000001C /* ocr-success.wav */; };
		B10000000000000000000006 /* SelectionOverlayController.swift in Sources */ = {isa = PBXBuildFile; fileRef = C10000000000000000000006 /* SelectionOverlayController.swift */; };
		B10000000000000000000017 /* RefineToolbarController.swift in Sources */ = {isa = PBXBuildFile; fileRef = C10000000000000000000017 /* RefineToolbarController.swift */; };
		B10000000000000000000018 /* TextAnnotationEditor.swift in Sources */ = {isa = PBXBuildFile; fileRef = C10000000000000000000018 /* TextAnnotationEditor.swift */; };
		B10000000000000000000019 /* SelectionOverlayPanel.swift in Sources */ = {isa = PBXBuildFile; fileRef = C10000000000000000000019 /* SelectionOverlayPanel.swift */; };
		B10000000000000000000007 /* PinBoardController.swift in Sources */ = {isa = PBXBuildFile; fileRef = C10000000000000000000007 /* PinBoardController.swift */; };
		B10000000000000000000008 /* SnipController.swift in Sources */ = {isa = PBXBuildFile; fileRef = C10000000000000000000008 /* SnipController.swift */; };
		B1000000000000000000001D /* ContrastChrome.swift in Sources */ = {isa = PBXBuildFile; fileRef = C1000000000000000000001D /* ContrastChrome.swift */; };
		B10000000000000000000011 /* AnnotationCompositor.swift in Sources */ = {isa = PBXBuildFile; fileRef = C10000000000000000000011 /* AnnotationCompositor.swift */; };
		B10000000000000000000013 /* AnnotationDocument.swift in Sources */ = {isa = PBXBuildFile; fileRef = C10000000000000000000013 /* AnnotationDocument.swift */; };
		B10000000000000000000016 /* AnnotationCoding.swift in Sources */ = {isa = PBXBuildFile; fileRef = C10000000000000000000016 /* AnnotationCoding.swift */; };
		B10000000000000000000014 /* SnipRecord.swift in Sources */ = {isa = PBXBuildFile; fileRef = C10000000000000000000014 /* SnipRecord.swift */; };
		B10000000000000000000015 /* SnipHistoryStore.swift in Sources */ = {isa = PBXBuildFile; fileRef = C10000000000000000000015 /* SnipHistoryStore.swift */; };
		B10000000000000000000009 /* StatusMenuContent.swift in Sources */ = {isa = PBXBuildFile; fileRef = C10000000000000000000009 /* StatusMenuContent.swift */; };
		B1000000000000000000000A /* SettingsView.swift in Sources */ = {isa = PBXBuildFile; fileRef = C1000000000000000000000A /* SettingsView.swift */; };
		B10000000000000000000012 /* AboutView.swift in Sources */ = {isa = PBXBuildFile; fileRef = C10000000000000000000012 /* AboutView.swift */; };
		B1000000000000000000000B /* Assets.xcassets in Resources */ = {isa = PBXBuildFile; fileRef = C1000000000000000000000B /* Assets.xcassets */; };
		B1E00000000000000000000018 /* Annotation+Geometry.swift in Sources */ = {isa = PBXBuildFile; fileRef = C1E00000000000000000000018 /* Annotation+Geometry.swift */; };
		B1E00000000000000000000019 /* Annotation+Shape.swift in Sources */ = {isa = PBXBuildFile; fileRef = C1E00000000000000000000019 /* Annotation+Shape.swift */; };
		B1E0000000000000000000001A /* Annotation+Arrow.swift in Sources */ = {isa = PBXBuildFile; fileRef = C1E0000000000000000000001A /* Annotation+Arrow.swift */; };
		B1E0000000000000000000001B /* Annotation+Pencil.swift in Sources */ = {isa = PBXBuildFile; fileRef = C1E0000000000000000000001B /* Annotation+Pencil.swift */; };
		B1E0000000000000000000001C /* Annotation+Marker.swift in Sources */ = {isa = PBXBuildFile; fileRef = C1E0000000000000000000001C /* Annotation+Marker.swift */; };
		B1E0000000000000000000001D /* Annotation+Mosaic.swift in Sources */ = {isa = PBXBuildFile; fileRef = C1E0000000000000000000001D /* Annotation+Mosaic.swift */; };
		B1E0000000000000000000001E /* Annotation+Eraser.swift in Sources */ = {isa = PBXBuildFile; fileRef = C1E0000000000000000000001E /* Annotation+Eraser.swift */; };
		B1E0000000000000000000001F /* Annotation+Text.swift in Sources */ = {isa = PBXBuildFile; fileRef = C1E0000000000000000000001F /* Annotation+Text.swift */; };
		B1E00000000000000000000020 /* Annotation+Step.swift in Sources */ = {isa = PBXBuildFile; fileRef = C1E00000000000000000000020 /* Annotation+Step.swift */; };
		B1E00000000000000000000021 /* Annotation+Magnifier.swift in Sources */ = {isa = PBXBuildFile; fileRef = C1E00000000000000000000021 /* Annotation+Magnifier.swift */; };
		B1E00000000000000000000022 /* AnnotationCoding+Shape.swift in Sources */ = {isa = PBXBuildFile; fileRef = C1E00000000000000000000022 /* AnnotationCoding+Shape.swift */; };
		B1E00000000000000000000023 /* AnnotationCoding+Arrow.swift in Sources */ = {isa = PBXBuildFile; fileRef = C1E00000000000000000000023 /* AnnotationCoding+Arrow.swift */; };
		B1E00000000000000000000024 /* AnnotationCoding+Pencil.swift in Sources */ = {isa = PBXBuildFile; fileRef = C1E00000000000000000000024 /* AnnotationCoding+Pencil.swift */; };
		B1E00000000000000000000025 /* AnnotationCoding+Marker.swift in Sources */ = {isa = PBXBuildFile; fileRef = C1E00000000000000000000025 /* AnnotationCoding+Marker.swift */; };
		B1E00000000000000000000026 /* AnnotationCoding+Mosaic.swift in Sources */ = {isa = PBXBuildFile; fileRef = C1E00000000000000000000026 /* AnnotationCoding+Mosaic.swift */; };
		B1E00000000000000000000027 /* AnnotationCoding+Eraser.swift in Sources */ = {isa = PBXBuildFile; fileRef = C1E00000000000000000000027 /* AnnotationCoding+Eraser.swift */; };
		B1E00000000000000000000028 /* AnnotationCoding+Text.swift in Sources */ = {isa = PBXBuildFile; fileRef = C1E00000000000000000000028 /* AnnotationCoding+Text.swift */; };
		B1E00000000000000000000029 /* AnnotationCoding+Step.swift in Sources */ = {isa = PBXBuildFile; fileRef = C1E00000000000000000000029 /* AnnotationCoding+Step.swift */; };
		B1E0000000000000000000002A /* AnnotationCoding+Magnifier.swift in Sources */ = {isa = PBXBuildFile; fileRef = C1E0000000000000000000002A /* AnnotationCoding+Magnifier.swift */; };
		B1F00000000000000000000010 /* RefineToolbar+MainRow.swift in Sources */ = {isa = PBXBuildFile; fileRef = C1F00000000000000000000010 /* RefineToolbar+MainRow.swift */; };
		B1F00000000000000000000011 /* RefineToolbar+Shape.swift in Sources */ = {isa = PBXBuildFile; fileRef = C1F00000000000000000000011 /* RefineToolbar+Shape.swift */; };
		B1F00000000000000000000012 /* RefineToolbar+Layout.swift in Sources */ = {isa = PBXBuildFile; fileRef = C1F00000000000000000000012 /* RefineToolbar+Layout.swift */; };
		B1F00000000000000000000013 /* RefineToolbar+Sync.swift in Sources */ = {isa = PBXBuildFile; fileRef = C1F00000000000000000000013 /* RefineToolbar+Sync.swift */; };
		B1F00000000000000000000014 /* SelectionOverlay+Mouse.swift in Sources */ = {isa = PBXBuildFile; fileRef = C1F00000000000000000000014 /* SelectionOverlay+Mouse.swift */; };
		B1F00000000000000000000015 /* RefineToolbarTooltip.swift in Sources */ = {isa = PBXBuildFile; fileRef = C1F00000000000000000000015 /* RefineToolbarTooltip.swift */; };
		B1F00000000000000000000016 /* HoverChromeCard.swift in Sources */ = {isa = PBXBuildFile; fileRef = C1F00000000000000000000016 /* HoverChromeCard.swift */; };
		B1F00000000000000000000017 /* PaletteSwatch.swift in Sources */ = {isa = PBXBuildFile; fileRef = C1F00000000000000000000017 /* PaletteSwatch.swift */; };
		B1F00000000000000000000018 /* IntensitySlider.swift in Sources */ = {isa = PBXBuildFile; fileRef = C1F00000000000000000000018 /* IntensitySlider.swift */; };
		B1F00000000000000000000019 /* PinPanel.swift in Sources */ = {isa = PBXBuildFile; fileRef = C1F00000000000000000000019 /* PinPanel.swift */; };
		B1F0000000000000000000001A /* SelectionOverlayNSView.swift in Sources */ = {isa = PBXBuildFile; fileRef = C1F0000000000000000000001A /* SelectionOverlayNSView.swift */; };
/* End PBXBuildFile section */

/* Begin PBXFileReference section */
		C1E000000000000000000000 /* AnnotateTool.swift */ = {isa = PBXFileReference; lastKnownFileType = sourcecode.swift; path = AnnotateTool.swift; sourceTree = "<group>"; };
		C1E000000000000000000001 /* MosaicTypes.swift */ = {isa = PBXFileReference; lastKnownFileType = sourcecode.swift; path = MosaicTypes.swift; sourceTree = "<group>"; };
		C1E000000000000000000002 /* MarkerStyle.swift */ = {isa = PBXFileReference; lastKnownFileType = sourcecode.swift; path = MarkerStyle.swift; sourceTree = "<group>"; };
		C1E000000000000000000003 /* EraserStyle.swift */ = {isa = PBXFileReference; lastKnownFileType = sourcecode.swift; path = EraserStyle.swift; sourceTree = "<group>"; };
		C1E000000000000000000004 /* ArrowStyle.swift */ = {isa = PBXFileReference; lastKnownFileType = sourcecode.swift; path = ArrowStyle.swift; sourceTree = "<group>"; };
		C1E000000000000000000005 /* AnnotationStyle.swift */ = {isa = PBXFileReference; lastKnownFileType = sourcecode.swift; path = AnnotationStyle.swift; sourceTree = "<group>"; };
		C1E000000000000000000006 /* AnnotationPrefs.swift */ = {isa = PBXFileReference; lastKnownFileType = sourcecode.swift; path = AnnotationPrefs.swift; sourceTree = "<group>"; };
		C1E000000000000000000007 /* TextAnnotation.swift */ = {isa = PBXFileReference; lastKnownFileType = sourcecode.swift; path = TextAnnotation.swift; sourceTree = "<group>"; };
		C1E000000000000000000008 /* StepAnnotation.swift */ = {isa = PBXFileReference; lastKnownFileType = sourcecode.swift; path = StepAnnotation.swift; sourceTree = "<group>"; };
		C1E000000000000000000009 /* MagnifierAnnotation.swift */ = {isa = PBXFileReference; lastKnownFileType = sourcecode.swift; path = MagnifierAnnotation.swift; sourceTree = "<group>"; };
		C1E00000000000000000000A /* Annotation.swift */ = {isa = PBXFileReference; lastKnownFileType = sourcecode.swift; path = Annotation.swift; sourceTree = "<group>"; };
		C1E00000000000000000000B /* PolylineSimplifier.swift */ = {isa = PBXFileReference; lastKnownFileType = sourcecode.swift; path = PolylineSimplifier.swift; sourceTree = "<group>"; };
		C1E00000000000000000000C /* AnnotationDrawing.swift */ = {isa = PBXFileReference; lastKnownFileType = sourcecode.swift; path = AnnotationDrawing.swift; sourceTree = "<group>"; };
		C1E00000000000000000000D /* AnnotationDrawing+Shape.swift */ = {isa = PBXFileReference; lastKnownFileType = sourcecode.swift; path = "AnnotationDrawing+Shape.swift"; sourceTree = "<group>"; };
		C1E00000000000000000000E /* AnnotationDrawing+Arrow.swift */ = {isa = PBXFileReference; lastKnownFileType = sourcecode.swift; path = "AnnotationDrawing+Arrow.swift"; sourceTree = "<group>"; };
		C1E00000000000000000000F /* AnnotationDrawing+Pencil.swift */ = {isa = PBXFileReference; lastKnownFileType = sourcecode.swift; path = "AnnotationDrawing+Pencil.swift"; sourceTree = "<group>"; };
		C1E000000000000000000010 /* AnnotationDrawing+Marker.swift */ = {isa = PBXFileReference; lastKnownFileType = sourcecode.swift; path = "AnnotationDrawing+Marker.swift"; sourceTree = "<group>"; };
		C1E000000000000000000011 /* AnnotationDrawing+Eraser.swift */ = {isa = PBXFileReference; lastKnownFileType = sourcecode.swift; path = "AnnotationDrawing+Eraser.swift"; sourceTree = "<group>"; };
		C1E000000000000000000012 /* AnnotationDrawing+Mosaic.swift */ = {isa = PBXFileReference; lastKnownFileType = sourcecode.swift; path = "AnnotationDrawing+Mosaic.swift"; sourceTree = "<group>"; };
		C1E000000000000000000013 /* AnnotationDrawing+Text.swift */ = {isa = PBXFileReference; lastKnownFileType = sourcecode.swift; path = "AnnotationDrawing+Text.swift"; sourceTree = "<group>"; };
		C1E000000000000000000014 /* AnnotationDrawing+Magnifier.swift */ = {isa = PBXFileReference; lastKnownFileType = sourcecode.swift; path = "AnnotationDrawing+Magnifier.swift"; sourceTree = "<group>"; };
		C1E000000000000000000015 /* AnnotationDrawing+Step.swift */ = {isa = PBXFileReference; lastKnownFileType = sourcecode.swift; path = "AnnotationDrawing+Step.swift"; sourceTree = "<group>"; };
		C1E000000000000000000016 /* AnnotationDrawing+HitTest.swift */ = {isa = PBXFileReference; lastKnownFileType = sourcecode.swift; path = "AnnotationDrawing+HitTest.swift"; sourceTree = "<group>"; };
		C1E000000000000000000017 /* AnnotationCursors.swift */ = {isa = PBXFileReference; lastKnownFileType = sourcecode.swift; path = AnnotationCursors.swift; sourceTree = "<group>"; };
		C1F000000000000000000000 /* RefineToolbarViews.swift */ = {isa = PBXFileReference; lastKnownFileType = sourcecode.swift; path = RefineToolbarViews.swift; sourceTree = "<group>"; };
		C1F000000000000000000001 /* RefineToolbar+Text.swift */ = {isa = PBXFileReference; lastKnownFileType = sourcecode.swift; path = "RefineToolbar+Text.swift"; sourceTree = "<group>"; };
		C1F000000000000000000002 /* RefineToolbar+Mosaic.swift */ = {isa = PBXFileReference; lastKnownFileType = sourcecode.swift; path = "RefineToolbar+Mosaic.swift"; sourceTree = "<group>"; };
		C1F000000000000000000003 /* RefineToolbar+Marker.swift */ = {isa = PBXFileReference; lastKnownFileType = sourcecode.swift; path = "RefineToolbar+Marker.swift"; sourceTree = "<group>"; };
		C1F000000000000000000004 /* RefineToolbar+Eraser.swift */ = {isa = PBXFileReference; lastKnownFileType = sourcecode.swift; path = "RefineToolbar+Eraser.swift"; sourceTree = "<group>"; };
		C1F000000000000000000005 /* RefineToolbar+Step.swift */ = {isa = PBXFileReference; lastKnownFileType = sourcecode.swift; path = "RefineToolbar+Step.swift"; sourceTree = "<group>"; };
		C1F000000000000000000006 /* RefineToolbar+Magnifier.swift */ = {isa = PBXFileReference; lastKnownFileType = sourcecode.swift; path = "RefineToolbar+Magnifier.swift"; sourceTree = "<group>"; };
		C1F000000000000000000007 /* RefineToolbar+Arrow.swift */ = {isa = PBXFileReference; lastKnownFileType = sourcecode.swift; path = "RefineToolbar+Arrow.swift"; sourceTree = "<group>"; };
		C1F000000000000000000008 /* RefineToolbar+Icons.swift */ = {isa = PBXFileReference; lastKnownFileType = sourcecode.swift; path = "RefineToolbar+Icons.swift"; sourceTree = "<group>"; };
		C1F000000000000000000009 /* SelectionOverlay+AnnotateDraft.swift */ = {isa = PBXFileReference; lastKnownFileType = sourcecode.swift; path = "SelectionOverlay+AnnotateDraft.swift"; sourceTree = "<group>"; };
		C1F00000000000000000000A /* SelectionOverlay+HitTest.swift */ = {isa = PBXFileReference; lastKnownFileType = sourcecode.swift; path = "SelectionOverlay+HitTest.swift"; sourceTree = "<group>"; };
		C1F00000000000000000000B /* SelectionOverlay+AnnotateStyle.swift */ = {isa = PBXFileReference; lastKnownFileType = sourcecode.swift; path = "SelectionOverlay+AnnotateStyle.swift"; sourceTree = "<group>"; };
		C1F00000000000000000000C /* SelectionOverlay+Text.swift */ = {isa = PBXFileReference; lastKnownFileType = sourcecode.swift; path = "SelectionOverlay+Text.swift"; sourceTree = "<group>"; };
		C1F00000000000000000000D /* SelectionOverlay+Geometry.swift */ = {isa = PBXFileReference; lastKnownFileType = sourcecode.swift; path = "SelectionOverlay+Geometry.swift"; sourceTree = "<group>"; };
		C1F00000000000000000000E /* SelectionOverlay+History.swift */ = {isa = PBXFileReference; lastKnownFileType = sourcecode.swift; path = "SelectionOverlay+History.swift"; sourceTree = "<group>"; };
		C1F00000000000000000000F /* SelectionOverlay+Toolbar.swift */ = {isa = PBXFileReference; lastKnownFileType = sourcecode.swift; path = "SelectionOverlay+Toolbar.swift"; sourceTree = "<group>"; };
		A30000000000000000000001 /* EggplantShot.app */ = {isa = PBXFileReference; explicitFileType = wrapper.application; includeInIndex = 0; path = EggplantShot.app; sourceTree = BUILT_PRODUCTS_DIR; };
		C10000000000000000000001 /* EggplantShotApp.swift */ = {isa = PBXFileReference; lastKnownFileType = sourcecode.swift; path = EggplantShotApp.swift; sourceTree = "<group>"; };
		C10000000000000000000002 /* HotkeyMonitor.swift */ = {isa = PBXFileReference; lastKnownFileType = sourcecode.swift; path = HotkeyMonitor.swift; sourceTree = "<group>"; };
		C10000000000000000000003 /* HotkeyShortcut.swift */ = {isa = PBXFileReference; lastKnownFileType = sourcecode.swift; path = HotkeyShortcut.swift; sourceTree = "<group>"; };
		C10000000000000000000004 /* ScreenPermissions.swift */ = {isa = PBXFileReference; lastKnownFileType = sourcecode.swift; path = ScreenPermissions.swift; sourceTree = "<group>"; };
		C10000000000000000000005 /* ScreenCapturer.swift */ = {isa = PBXFileReference; lastKnownFileType = sourcecode.swift; path = ScreenCapturer.swift; sourceTree = "<group>"; };
		C1000000000000000000000E /* WindowHitTester.swift */ = {isa = PBXFileReference; lastKnownFileType = sourcecode.swift; path = WindowHitTester.swift; sourceTree = "<group>"; };
		C1000000000000000000000F /* ImageFileSaver.swift */ = {isa = PBXFileReference; lastKnownFileType = sourcecode.swift; path = ImageFileSaver.swift; sourceTree = "<group>"; };
		C1000000000000000000001A /* TextRecognizer.swift */ = {isa = PBXFileReference; lastKnownFileType = sourcecode.swift; path = TextRecognizer.swift; sourceTree = "<group>"; };
		C1000000000000000000001B /* FeedbackSound.swift */ = {isa = PBXFileReference; lastKnownFileType = sourcecode.swift; path = FeedbackSound.swift; sourceTree = "<group>"; };
		C1C000000000000000000001 /* ClipboardPaster.swift */ = {isa = PBXFileReference; lastKnownFileType = sourcecode.swift; path = ClipboardPaster.swift; sourceTree = "<group>"; };
		C1000000000000000000001C /* ocr-success.wav */ = {isa = PBXFileReference; lastKnownFileType = audio.wav; path = "ocr-success.wav"; sourceTree = "<group>"; };
		C10000000000000000000006 /* SelectionOverlayController.swift */ = {isa = PBXFileReference; lastKnownFileType = sourcecode.swift; path = SelectionOverlayController.swift; sourceTree = "<group>"; };
		C10000000000000000000017 /* RefineToolbarController.swift */ = {isa = PBXFileReference; lastKnownFileType = sourcecode.swift; path = RefineToolbarController.swift; sourceTree = "<group>"; };
		C10000000000000000000018 /* TextAnnotationEditor.swift */ = {isa = PBXFileReference; lastKnownFileType = sourcecode.swift; path = TextAnnotationEditor.swift; sourceTree = "<group>"; };
		C10000000000000000000019 /* SelectionOverlayPanel.swift */ = {isa = PBXFileReference; lastKnownFileType = sourcecode.swift; path = SelectionOverlayPanel.swift; sourceTree = "<group>"; };
		C10000000000000000000007 /* PinBoardController.swift */ = {isa = PBXFileReference; lastKnownFileType = sourcecode.swift; path = PinBoardController.swift; sourceTree = "<group>"; };
		C10000000000000000000008 /* SnipController.swift */ = {isa = PBXFileReference; lastKnownFileType = sourcecode.swift; path = SnipController.swift; sourceTree = "<group>"; };
		C1000000000000000000001D /* ContrastChrome.swift */ = {isa = PBXFileReference; lastKnownFileType = sourcecode.swift; path = ContrastChrome.swift; sourceTree = "<group>"; };
		C10000000000000000000011 /* AnnotationCompositor.swift */ = {isa = PBXFileReference; lastKnownFileType = sourcecode.swift; path = AnnotationCompositor.swift; sourceTree = "<group>"; };
		C10000000000000000000013 /* AnnotationDocument.swift */ = {isa = PBXFileReference; lastKnownFileType = sourcecode.swift; path = AnnotationDocument.swift; sourceTree = "<group>"; };
		C10000000000000000000016 /* AnnotationCoding.swift */ = {isa = PBXFileReference; lastKnownFileType = sourcecode.swift; path = AnnotationCoding.swift; sourceTree = "<group>"; };
		C10000000000000000000014 /* SnipRecord.swift */ = {isa = PBXFileReference; lastKnownFileType = sourcecode.swift; path = SnipRecord.swift; sourceTree = "<group>"; };
		C10000000000000000000015 /* SnipHistoryStore.swift */ = {isa = PBXFileReference; lastKnownFileType = sourcecode.swift; path = SnipHistoryStore.swift; sourceTree = "<group>"; };
		C10000000000000000000009 /* StatusMenuContent.swift */ = {isa = PBXFileReference; lastKnownFileType = sourcecode.swift; path = StatusMenuContent.swift; sourceTree = "<group>"; };
		C1000000000000000000000A /* SettingsView.swift */ = {isa = PBXFileReference; lastKnownFileType = sourcecode.swift; path = SettingsView.swift; sourceTree = "<group>"; };
		C10000000000000000000012 /* AboutView.swift */ = {isa = PBXFileReference; lastKnownFileType = sourcecode.swift; path = AboutView.swift; sourceTree = "<group>"; };
		C1000000000000000000000B /* Assets.xcassets */ = {isa = PBXFileReference; lastKnownFileType = folder.assetcatalog; path = Assets.xcassets; sourceTree = "<group>"; };
		C1000000000000000000000C /* Info.plist */ = {isa = PBXFileReference; lastKnownFileType = text.plist.xml; path = Info.plist; sourceTree = "<group>"; };
		C1000000000000000000000D /* EggplantShot.entitlements */ = {isa = PBXFileReference; lastKnownFileType = text.plist.entitlements; path = EggplantShot.entitlements; sourceTree = "<group>"; };
		C1E00000000000000000000018 /* Annotation+Geometry.swift */ = {isa = PBXFileReference; lastKnownFileType = sourcecode.swift; path = "Annotation+Geometry.swift"; sourceTree = "<group>"; };
		C1E00000000000000000000019 /* Annotation+Shape.swift */ = {isa = PBXFileReference; lastKnownFileType = sourcecode.swift; path = "Annotation+Shape.swift"; sourceTree = "<group>"; };
		C1E0000000000000000000001A /* Annotation+Arrow.swift */ = {isa = PBXFileReference; lastKnownFileType = sourcecode.swift; path = "Annotation+Arrow.swift"; sourceTree = "<group>"; };
		C1E0000000000000000000001B /* Annotation+Pencil.swift */ = {isa = PBXFileReference; lastKnownFileType = sourcecode.swift; path = "Annotation+Pencil.swift"; sourceTree = "<group>"; };
		C1E0000000000000000000001C /* Annotation+Marker.swift */ = {isa = PBXFileReference; lastKnownFileType = sourcecode.swift; path = "Annotation+Marker.swift"; sourceTree = "<group>"; };
		C1E0000000000000000000001D /* Annotation+Mosaic.swift */ = {isa = PBXFileReference; lastKnownFileType = sourcecode.swift; path = "Annotation+Mosaic.swift"; sourceTree = "<group>"; };
		C1E0000000000000000000001E /* Annotation+Eraser.swift */ = {isa = PBXFileReference; lastKnownFileType = sourcecode.swift; path = "Annotation+Eraser.swift"; sourceTree = "<group>"; };
		C1E0000000000000000000001F /* Annotation+Text.swift */ = {isa = PBXFileReference; lastKnownFileType = sourcecode.swift; path = "Annotation+Text.swift"; sourceTree = "<group>"; };
		C1E00000000000000000000020 /* Annotation+Step.swift */ = {isa = PBXFileReference; lastKnownFileType = sourcecode.swift; path = "Annotation+Step.swift"; sourceTree = "<group>"; };
		C1E00000000000000000000021 /* Annotation+Magnifier.swift */ = {isa = PBXFileReference; lastKnownFileType = sourcecode.swift; path = "Annotation+Magnifier.swift"; sourceTree = "<group>"; };
		C1E00000000000000000000022 /* AnnotationCoding+Shape.swift */ = {isa = PBXFileReference; lastKnownFileType = sourcecode.swift; path = "AnnotationCoding+Shape.swift"; sourceTree = "<group>"; };
		C1E00000000000000000000023 /* AnnotationCoding+Arrow.swift */ = {isa = PBXFileReference; lastKnownFileType = sourcecode.swift; path = "AnnotationCoding+Arrow.swift"; sourceTree = "<group>"; };
		C1E00000000000000000000024 /* AnnotationCoding+Pencil.swift */ = {isa = PBXFileReference; lastKnownFileType = sourcecode.swift; path = "AnnotationCoding+Pencil.swift"; sourceTree = "<group>"; };
		C1E00000000000000000000025 /* AnnotationCoding+Marker.swift */ = {isa = PBXFileReference; lastKnownFileType = sourcecode.swift; path = "AnnotationCoding+Marker.swift"; sourceTree = "<group>"; };
		C1E00000000000000000000026 /* AnnotationCoding+Mosaic.swift */ = {isa = PBXFileReference; lastKnownFileType = sourcecode.swift; path = "AnnotationCoding+Mosaic.swift"; sourceTree = "<group>"; };
		C1E00000000000000000000027 /* AnnotationCoding+Eraser.swift */ = {isa = PBXFileReference; lastKnownFileType = sourcecode.swift; path = "AnnotationCoding+Eraser.swift"; sourceTree = "<group>"; };
		C1E00000000000000000000028 /* AnnotationCoding+Text.swift */ = {isa = PBXFileReference; lastKnownFileType = sourcecode.swift; path = "AnnotationCoding+Text.swift"; sourceTree = "<group>"; };
		C1E00000000000000000000029 /* AnnotationCoding+Step.swift */ = {isa = PBXFileReference; lastKnownFileType = sourcecode.swift; path = "AnnotationCoding+Step.swift"; sourceTree = "<group>"; };
		C1E0000000000000000000002A /* AnnotationCoding+Magnifier.swift */ = {isa = PBXFileReference; lastKnownFileType = sourcecode.swift; path = "AnnotationCoding+Magnifier.swift"; sourceTree = "<group>"; };
		C1F00000000000000000000010 /* RefineToolbar+MainRow.swift */ = {isa = PBXFileReference; lastKnownFileType = sourcecode.swift; path = "RefineToolbar+MainRow.swift"; sourceTree = "<group>"; };
		C1F00000000000000000000011 /* RefineToolbar+Shape.swift */ = {isa = PBXFileReference; lastKnownFileType = sourcecode.swift; path = "RefineToolbar+Shape.swift"; sourceTree = "<group>"; };
		C1F00000000000000000000012 /* RefineToolbar+Layout.swift */ = {isa = PBXFileReference; lastKnownFileType = sourcecode.swift; path = "RefineToolbar+Layout.swift"; sourceTree = "<group>"; };
		C1F00000000000000000000013 /* RefineToolbar+Sync.swift */ = {isa = PBXFileReference; lastKnownFileType = sourcecode.swift; path = "RefineToolbar+Sync.swift"; sourceTree = "<group>"; };
		C1F00000000000000000000014 /* SelectionOverlay+Mouse.swift */ = {isa = PBXFileReference; lastKnownFileType = sourcecode.swift; path = "SelectionOverlay+Mouse.swift"; sourceTree = "<group>"; };
		C1F00000000000000000000015 /* RefineToolbarTooltip.swift */ = {isa = PBXFileReference; lastKnownFileType = sourcecode.swift; path = RefineToolbarTooltip.swift; sourceTree = "<group>"; };
		C1F00000000000000000000016 /* HoverChromeCard.swift */ = {isa = PBXFileReference; lastKnownFileType = sourcecode.swift; path = HoverChromeCard.swift; sourceTree = "<group>"; };
		C1F00000000000000000000017 /* PaletteSwatch.swift */ = {isa = PBXFileReference; lastKnownFileType = sourcecode.swift; path = PaletteSwatch.swift; sourceTree = "<group>"; };
		C1F00000000000000000000018 /* IntensitySlider.swift */ = {isa = PBXFileReference; lastKnownFileType = sourcecode.swift; path = IntensitySlider.swift; sourceTree = "<group>"; };
		C1F00000000000000000000019 /* PinPanel.swift */ = {isa = PBXFileReference; lastKnownFileType = sourcecode.swift; path = PinPanel.swift; sourceTree = "<group>"; };
		C1F0000000000000000000001A /* SelectionOverlayNSView.swift */ = {isa = PBXFileReference; lastKnownFileType = sourcecode.swift; path = SelectionOverlayNSView.swift; sourceTree = "<group>"; };
/* End PBXFileReference section */

/* Begin PBXFrameworksBuildPhase section */
		A40000000000000000000001 /* Frameworks */ = {
			isa = PBXFrameworksBuildPhase;
			buildActionMask = 2147483647;
			files = (
			);
			runOnlyForDeploymentPostprocessing = 0;
		};
/* End PBXFrameworksBuildPhase section */

/* Begin PBXGroup section */
		A50000000000000000000001 = {
			isa = PBXGroup;
			children = (
				A50000000000000000000002 /* EggplantShot */,
				A50000000000000000000003 /* Products */,
			);
			sourceTree = "<group>";
		};
		A50000000000000000000002 /* EggplantShot */ = {
			isa = PBXGroup;
			children = (
				C10000000000000000000001 /* EggplantShotApp.swift */,
				A50000000000000000000004 /* Hotkey */,
				A50000000000000000000005 /* Capture */,
				A50000000000000000000006 /* Controllers */,
				A50000000000000000000008 /* Annotation */,
				A50000000000000000000009 /* History */,
				A50000000000000000000007 /* UI */,
				A5000000000000000000000A /* Resources */,
				C1000000000000000000000B /* Assets.xcassets */,
				C1000000000000000000000C /* Info.plist */,
				C1000000000000000000000D /* EggplantShot.entitlements */,
			);
			path = EggplantShot;
			sourceTree = "<group>";
		};
		A50000000000000000000003 /* Products */ = {
			isa = PBXGroup;
			children = (
				A30000000000000000000001 /* EggplantShot.app */,
			);
			name = Products;
			sourceTree = "<group>";
		};
		A50000000000000000000004 /* Hotkey */ = {
			isa = PBXGroup;
			children = (
				C10000000000000000000002 /* HotkeyMonitor.swift */,
				C10000000000000000000003 /* HotkeyShortcut.swift */,
			);
			path = Hotkey;
			sourceTree = "<group>";
		};
		A50000000000000000000005 /* Capture */ = {
			isa = PBXGroup;
			children = (
				C10000000000000000000004 /* ScreenPermissions.swift */,
				C10000000000000000000005 /* ScreenCapturer.swift */,
				C1000000000000000000000E /* WindowHitTester.swift */,
				C1000000000000000000000F /* ImageFileSaver.swift */,
				C1000000000000000000001A /* TextRecognizer.swift */,
				C1000000000000000000001B /* FeedbackSound.swift */,
				C1C000000000000000000001 /* ClipboardPaster.swift */,
			);
			path = Capture;
			sourceTree = "<group>";
		};
		A50000000000000000000006 /* Controllers */ = {
			isa = PBXGroup;
			children = (
				C1F000000000000000000000 /* RefineToolbarViews.swift */,
				C1F000000000000000000001 /* RefineToolbar+Text.swift */,
				C1F000000000000000000002 /* RefineToolbar+Mosaic.swift */,
				C1F000000000000000000003 /* RefineToolbar+Marker.swift */,
				C1F000000000000000000004 /* RefineToolbar+Eraser.swift */,
				C1F000000000000000000005 /* RefineToolbar+Step.swift */,
				C1F000000000000000000006 /* RefineToolbar+Magnifier.swift */,
				C1F000000000000000000007 /* RefineToolbar+Arrow.swift */,
				C1F000000000000000000008 /* RefineToolbar+Icons.swift */,
				C1F000000000000000000009 /* SelectionOverlay+AnnotateDraft.swift */,
				C1F00000000000000000000A /* SelectionOverlay+HitTest.swift */,
				C1F00000000000000000000B /* SelectionOverlay+AnnotateStyle.swift */,
				C1F00000000000000000000C /* SelectionOverlay+Text.swift */,
				C1F00000000000000000000D /* SelectionOverlay+Geometry.swift */,
				C1F00000000000000000000E /* SelectionOverlay+History.swift */,
				C1F00000000000000000000F /* SelectionOverlay+Toolbar.swift */,
				C1F00000000000000000000010 /* RefineToolbar+MainRow.swift */,
				C1F00000000000000000000011 /* RefineToolbar+Shape.swift */,
				C1F00000000000000000000012 /* RefineToolbar+Layout.swift */,
				C1F00000000000000000000013 /* RefineToolbar+Sync.swift */,
				C1F00000000000000000000014 /* SelectionOverlay+Mouse.swift */,
				C1F00000000000000000000015 /* RefineToolbarTooltip.swift */,
				C1F00000000000000000000016 /* HoverChromeCard.swift */,
				C1F00000000000000000000017 /* PaletteSwatch.swift */,
				C1F00000000000000000000018 /* IntensitySlider.swift */,
				C1F00000000000000000000019 /* PinPanel.swift */,
				C1F0000000000000000000001A /* SelectionOverlayNSView.swift */,
				C10000000000000000000006 /* SelectionOverlayController.swift */,
				C10000000000000000000017 /* RefineToolbarController.swift */,
				C10000000000000000000018 /* TextAnnotationEditor.swift */,
				C10000000000000000000019 /* SelectionOverlayPanel.swift */,
				C10000000000000000000007 /* PinBoardController.swift */,
				C10000000000000000000008 /* SnipController.swift */,
			);
			path = Controllers;
			sourceTree = "<group>";
		};
		A50000000000000000000008 /* Annotation */ = {
			isa = PBXGroup;
			children = (
				C1E000000000000000000000 /* AnnotateTool.swift */,
				C1E000000000000000000001 /* MosaicTypes.swift */,
				C1E000000000000000000002 /* MarkerStyle.swift */,
				C1E000000000000000000003 /* EraserStyle.swift */,
				C1E000000000000000000004 /* ArrowStyle.swift */,
				C1E000000000000000000005 /* AnnotationStyle.swift */,
				C1E000000000000000000006 /* AnnotationPrefs.swift */,
				C1E000000000000000000007 /* TextAnnotation.swift */,
				C1E000000000000000000008 /* StepAnnotation.swift */,
				C1E000000000000000000009 /* MagnifierAnnotation.swift */,
				C1E00000000000000000000A /* Annotation.swift */,
				C1E00000000000000000000B /* PolylineSimplifier.swift */,
				C1E00000000000000000000C /* AnnotationDrawing.swift */,
				C1E00000000000000000000D /* AnnotationDrawing+Shape.swift */,
				C1E00000000000000000000E /* AnnotationDrawing+Arrow.swift */,
				C1E00000000000000000000F /* AnnotationDrawing+Pencil.swift */,
				C1E000000000000000000010 /* AnnotationDrawing+Marker.swift */,
				C1E000000000000000000011 /* AnnotationDrawing+Eraser.swift */,
				C1E000000000000000000012 /* AnnotationDrawing+Mosaic.swift */,
				C1E000000000000000000013 /* AnnotationDrawing+Text.swift */,
				C1E000000000000000000014 /* AnnotationDrawing+Magnifier.swift */,
				C1E000000000000000000015 /* AnnotationDrawing+Step.swift */,
				C1E000000000000000000016 /* AnnotationDrawing+HitTest.swift */,
				C1E000000000000000000017 /* AnnotationCursors.swift */,
				C1E00000000000000000000018 /* Annotation+Geometry.swift */,
				C1E00000000000000000000019 /* Annotation+Shape.swift */,
				C1E0000000000000000000001A /* Annotation+Arrow.swift */,
				C1E0000000000000000000001B /* Annotation+Pencil.swift */,
				C1E0000000000000000000001C /* Annotation+Marker.swift */,
				C1E0000000000000000000001D /* Annotation+Mosaic.swift */,
				C1E0000000000000000000001E /* Annotation+Eraser.swift */,
				C1E0000000000000000000001F /* Annotation+Text.swift */,
				C1E00000000000000000000020 /* Annotation+Step.swift */,
				C1E00000000000000000000021 /* Annotation+Magnifier.swift */,
				C1E00000000000000000000022 /* AnnotationCoding+Shape.swift */,
				C1E00000000000000000000023 /* AnnotationCoding+Arrow.swift */,
				C1E00000000000000000000024 /* AnnotationCoding+Pencil.swift */,
				C1E00000000000000000000025 /* AnnotationCoding+Marker.swift */,
				C1E00000000000000000000026 /* AnnotationCoding+Mosaic.swift */,
				C1E00000000000000000000027 /* AnnotationCoding+Eraser.swift */,
				C1E00000000000000000000028 /* AnnotationCoding+Text.swift */,
				C1E00000000000000000000029 /* AnnotationCoding+Step.swift */,
				C1E0000000000000000000002A /* AnnotationCoding+Magnifier.swift */,
				C1000000000000000000001D /* ContrastChrome.swift */,
				C10000000000000000000013 /* AnnotationDocument.swift */,
				C10000000000000000000016 /* AnnotationCoding.swift */,
				C10000000000000000000011 /* AnnotationCompositor.swift */,
			);
			path = Annotation;
			sourceTree = "<group>";
		};
		A50000000000000000000009 /* History */ = {
			isa = PBXGroup;
			children = (
				C10000000000000000000014 /* SnipRecord.swift */,
				C10000000000000000000015 /* SnipHistoryStore.swift */,
			);
			path = History;
			sourceTree = "<group>";
		};
		A50000000000000000000007 /* UI */ = {
			isa = PBXGroup;
			children = (
				C10000000000000000000009 /* StatusMenuContent.swift */,
				C1000000000000000000000A /* SettingsView.swift */,
				C10000000000000000000012 /* AboutView.swift */,
			);
			path = UI;
			sourceTree = "<group>";
		};
		A5000000000000000000000A /* Resources */ = {
			isa = PBXGroup;
			children = (
				C1000000000000000000001C /* ocr-success.wav */,
			);
			path = Resources;
			sourceTree = "<group>";
		};
/* End PBXGroup section */

/* Begin PBXNativeTarget section */
		A60000000000000000000001 /* EggplantShot */ = {
			isa = PBXNativeTarget;
			buildConfigurationList = A70000000000000000000003 /* Build configuration list for PBXNativeTarget "EggplantShot" */;
			buildPhases = (
				A80000000000000000000001 /* Sources */,
				A40000000000000000000001 /* Frameworks */,
				A80000000000000000000002 /* Resources */,
			);
			buildRules = (
			);
			dependencies = (
			);
			name = EggplantShot;
			productName = EggplantShot;
			productReference = A30000000000000000000001 /* EggplantShot.app */;
			productType = "com.apple.product-type.application";
		};
/* End PBXNativeTarget section */

/* Begin PBXProject section */
		A90000000000000000000001 /* Project object */ = {
			isa = PBXProject;
			attributes = {
				BuildIndependentTargetsInParallel = 1;
				LastSwiftUpdateCheck = 1640;
				LastUpgradeCheck = 1640;
				TargetAttributes = {
					A60000000000000000000001 = {
						CreatedOnToolsVersion = 16.4;
					};
				};
			};
			buildConfigurationList = A70000000000000000000001 /* Build configuration list for PBXProject "EggplantShot" */;
			compatibilityVersion = "Xcode 14.0";
			developmentRegion = en;
			hasScannedForEncodings = 0;
			knownRegions = (
				en,
				Base,
			);
			mainGroup = A50000000000000000000001;
			productRefGroup = A50000000000000000000003 /* Products */;
			projectDirPath = "";
			projectRoot = "";
			targets = (
				A60000000000000000000001 /* EggplantShot */,
			);
		};
/* End PBXProject section */

/* Begin PBXResourcesBuildPhase section */
		A80000000000000000000002 /* Resources */ = {
			isa = PBXResourcesBuildPhase;
			buildActionMask = 2147483647;
			files = (
				B1000000000000000000000B /* Assets.xcassets in Resources */,
				B1000000000000000000001C /* ocr-success.wav in Resources */,
			);
			runOnlyForDeploymentPostprocessing = 0;
		};
/* End PBXResourcesBuildPhase section */

/* Begin PBXSourcesBuildPhase section */
		A80000000000000000000001 /* Sources */ = {
			isa = PBXSourcesBuildPhase;
			buildActionMask = 2147483647;
			files = (
				B1E000000000000000000000 /* AnnotateTool.swift in Sources */,
				B1E000000000000000000001 /* MosaicTypes.swift in Sources */,
				B1E000000000000000000002 /* MarkerStyle.swift in Sources */,
				B1E000000000000000000003 /* EraserStyle.swift in Sources */,
				B1E000000000000000000004 /* ArrowStyle.swift in Sources */,
				B1E000000000000000000005 /* AnnotationStyle.swift in Sources */,
				B1E000000000000000000006 /* AnnotationPrefs.swift in Sources */,
				B1E000000000000000000007 /* TextAnnotation.swift in Sources */,
				B1E000000000000000000008 /* StepAnnotation.swift in Sources */,
				B1E000000000000000000009 /* MagnifierAnnotation.swift in Sources */,
				B1E00000000000000000000A /* Annotation.swift in Sources */,
				B1E00000000000000000000B /* PolylineSimplifier.swift in Sources */,
				B1E00000000000000000000C /* AnnotationDrawing.swift in Sources */,
				B1E00000000000000000000D /* AnnotationDrawing+Shape.swift in Sources */,
				B1E00000000000000000000E /* AnnotationDrawing+Arrow.swift in Sources */,
				B1E00000000000000000000F /* AnnotationDrawing+Pencil.swift in Sources */,
				B1E000000000000000000010 /* AnnotationDrawing+Marker.swift in Sources */,
				B1E000000000000000000011 /* AnnotationDrawing+Eraser.swift in Sources */,
				B1E000000000000000000012 /* AnnotationDrawing+Mosaic.swift in Sources */,
				B1E000000000000000000013 /* AnnotationDrawing+Text.swift in Sources */,
				B1E000000000000000000014 /* AnnotationDrawing+Magnifier.swift in Sources */,
				B1E000000000000000000015 /* AnnotationDrawing+Step.swift in Sources */,
				B1E000000000000000000016 /* AnnotationDrawing+HitTest.swift in Sources */,
				B1E000000000000000000017 /* AnnotationCursors.swift in Sources */,
				B1E00000000000000000000018 /* Annotation+Geometry.swift in Sources */,
				B1E00000000000000000000019 /* Annotation+Shape.swift in Sources */,
				B1E0000000000000000000001A /* Annotation+Arrow.swift in Sources */,
				B1E0000000000000000000001B /* Annotation+Pencil.swift in Sources */,
				B1E0000000000000000000001C /* Annotation+Marker.swift in Sources */,
				B1E0000000000000000000001D /* Annotation+Mosaic.swift in Sources */,
				B1E0000000000000000000001E /* Annotation+Eraser.swift in Sources */,
				B1E0000000000000000000001F /* Annotation+Text.swift in Sources */,
				B1E00000000000000000000020 /* Annotation+Step.swift in Sources */,
				B1E00000000000000000000021 /* Annotation+Magnifier.swift in Sources */,
				B1E00000000000000000000022 /* AnnotationCoding+Shape.swift in Sources */,
				B1E00000000000000000000023 /* AnnotationCoding+Arrow.swift in Sources */,
				B1E00000000000000000000024 /* AnnotationCoding+Pencil.swift in Sources */,
				B1E00000000000000000000025 /* AnnotationCoding+Marker.swift in Sources */,
				B1E00000000000000000000026 /* AnnotationCoding+Mosaic.swift in Sources */,
				B1E00000000000000000000027 /* AnnotationCoding+Eraser.swift in Sources */,
				B1E00000000000000000000028 /* AnnotationCoding+Text.swift in Sources */,
				B1E00000000000000000000029 /* AnnotationCoding+Step.swift in Sources */,
				B1E0000000000000000000002A /* AnnotationCoding+Magnifier.swift in Sources */,
				B1F000000000000000000000 /* RefineToolbarViews.swift in Sources */,
				B1F000000000000000000001 /* RefineToolbar+Text.swift in Sources */,
				B1F000000000000000000002 /* RefineToolbar+Mosaic.swift in Sources */,
				B1F000000000000000000003 /* RefineToolbar+Marker.swift in Sources */,
				B1F000000000000000000004 /* RefineToolbar+Eraser.swift in Sources */,
				B1F000000000000000000005 /* RefineToolbar+Step.swift in Sources */,
				B1F000000000000000000006 /* RefineToolbar+Magnifier.swift in Sources */,
				B1F000000000000000000007 /* RefineToolbar+Arrow.swift in Sources */,
				B1F000000000000000000008 /* RefineToolbar+Icons.swift in Sources */,
				B1F000000000000000000009 /* SelectionOverlay+AnnotateDraft.swift in Sources */,
				B1F00000000000000000000A /* SelectionOverlay+HitTest.swift in Sources */,
				B1F00000000000000000000B /* SelectionOverlay+AnnotateStyle.swift in Sources */,
				B1F00000000000000000000C /* SelectionOverlay+Text.swift in Sources */,
				B1F00000000000000000000D /* SelectionOverlay+Geometry.swift in Sources */,
				B1F00000000000000000000E /* SelectionOverlay+History.swift in Sources */,
				B1F00000000000000000000F /* SelectionOverlay+Toolbar.swift in Sources */,
				B1F00000000000000000000010 /* RefineToolbar+MainRow.swift in Sources */,
				B1F00000000000000000000011 /* RefineToolbar+Shape.swift in Sources */,
				B1F00000000000000000000012 /* RefineToolbar+Layout.swift in Sources */,
				B1F00000000000000000000013 /* RefineToolbar+Sync.swift in Sources */,
				B1F00000000000000000000014 /* SelectionOverlay+Mouse.swift in Sources */,
				B1F00000000000000000000015 /* RefineToolbarTooltip.swift in Sources */,
				B1F00000000000000000000016 /* HoverChromeCard.swift in Sources */,
				B1F00000000000000000000017 /* PaletteSwatch.swift in Sources */,
				B1F00000000000000000000018 /* IntensitySlider.swift in Sources */,
				B1F00000000000000000000019 /* PinPanel.swift in Sources */,
				B1F0000000000000000000001A /* SelectionOverlayNSView.swift in Sources */,
				B10000000000000000000001 /* EggplantShotApp.swift in Sources */,
				B10000000000000000000002 /* HotkeyMonitor.swift in Sources */,
				B10000000000000000000003 /* HotkeyShortcut.swift in Sources */,
				B10000000000000000000004 /* ScreenPermissions.swift in Sources */,
				B10000000000000000000005 /* ScreenCapturer.swift in Sources */,
				B1000000000000000000000E /* WindowHitTester.swift in Sources */,
				B1000000000000000000000F /* ImageFileSaver.swift in Sources */,
				B1000000000000000000001A /* TextRecognizer.swift in Sources */,
				B1000000000000000000001B /* FeedbackSound.swift in Sources */,
				B1C000000000000000000001 /* ClipboardPaster.swift in Sources */,
				B10000000000000000000006 /* SelectionOverlayController.swift in Sources */,
				B10000000000000000000017 /* RefineToolbarController.swift in Sources */,
				B10000000000000000000018 /* TextAnnotationEditor.swift in Sources */,
				B10000000000000000000019 /* SelectionOverlayPanel.swift in Sources */,
				B10000000000000000000007 /* PinBoardController.swift in Sources */,
				B10000000000000000000008 /* SnipController.swift in Sources */,
				B1000000000000000000001D /* ContrastChrome.swift in Sources */,
				B10000000000000000000013 /* AnnotationDocument.swift in Sources */,
				B10000000000000000000016 /* AnnotationCoding.swift in Sources */,
				B10000000000000000000014 /* SnipRecord.swift in Sources */,
				B10000000000000000000015 /* SnipHistoryStore.swift in Sources */,
				B10000000000000000000011 /* AnnotationCompositor.swift in Sources */,
				B10000000000000000000009 /* StatusMenuContent.swift in Sources */,
				B1000000000000000000000A /* SettingsView.swift in Sources */,
				B10000000000000000000012 /* AboutView.swift in Sources */,
			);
			runOnlyForDeploymentPostprocessing = 0;
		};
/* End PBXSourcesBuildPhase section */

/* Begin XCBuildConfiguration section */
		D10000000000000000000001 /* Debug */ = {
			isa = XCBuildConfiguration;
			buildSettings = {
				ALWAYS_SEARCH_USER_PATHS = NO;
				CLANG_ENABLE_MODULES = YES;
				CLANG_ENABLE_OBJC_ARC = YES;
				COPY_PHASE_STRIP = NO;
				DEBUG_INFORMATION_FORMAT = dwarf;
				ENABLE_TESTABILITY = YES;
				GCC_DYNAMIC_NO_PIC = NO;
				GCC_OPTIMIZATION_LEVEL = 0;
				MACOSX_DEPLOYMENT_TARGET = 15.0;
				ONLY_ACTIVE_ARCH = YES;
				SDKROOT = macosx;
				SWIFT_ACTIVE_COMPILATION_CONDITIONS = DEBUG;
				SWIFT_OPTIMIZATION_LEVEL = "-Onone";
			};
			name = Debug;
		};
		D10000000000000000000002 /* Release */ = {
			isa = XCBuildConfiguration;
			buildSettings = {
				ALWAYS_SEARCH_USER_PATHS = NO;
				CLANG_ENABLE_MODULES = YES;
				CLANG_ENABLE_OBJC_ARC = YES;
				COPY_PHASE_STRIP = NO;
				DEBUG_INFORMATION_FORMAT = "dwarf-with-dsym";
				MACOSX_DEPLOYMENT_TARGET = 15.0;
				SDKROOT = macosx;
				SWIFT_COMPILATION_MODE = wholemodule;
				SWIFT_OPTIMIZATION_LEVEL = "-O";
			};
			name = Release;
		};
		D10000000000000000000003 /* Debug */ = {
			isa = XCBuildConfiguration;
			buildSettings = {
				ASSETCATALOG_COMPILER_APPICON_NAME = AppIcon;
				CODE_SIGN_ENTITLEMENTS = EggplantShot/EggplantShot.entitlements;
				CODE_SIGN_STYLE = Automatic;
				COMBINE_HIDPI_IMAGES = YES;
				CURRENT_PROJECT_VERSION = 1;
				DEVELOPMENT_TEAM = M5J7K9HVYB;
				ENABLE_HARDENED_RUNTIME = YES;
				GENERATE_INFOPLIST_FILE = NO;
				INFOPLIST_FILE = EggplantShot/Info.plist;
				LD_RUNPATH_SEARCH_PATHS = (
					"$(inherited)",
					"@executable_path/../Frameworks",
				);
				MACOSX_DEPLOYMENT_TARGET = 15.0;
				MARKETING_VERSION = 0.1.0;
				PRODUCT_BUNDLE_IDENTIFIER = click.yinsb.EggplantShot;
				PRODUCT_NAME = "$(TARGET_NAME)";
				SWIFT_EMIT_LOC_STRINGS = YES;
				SWIFT_VERSION = 5.0;
			};
			name = Debug;
		};
		D10000000000000000000004 /* Release */ = {
			isa = XCBuildConfiguration;
			buildSettings = {
				ASSETCATALOG_COMPILER_APPICON_NAME = AppIcon;
				CODE_SIGN_ENTITLEMENTS = EggplantShot/EggplantShot.entitlements;
				CODE_SIGN_STYLE = Automatic;
				COMBINE_HIDPI_IMAGES = YES;
				CURRENT_PROJECT_VERSION = 1;
				DEVELOPMENT_TEAM = M5J7K9HVYB;
				ENABLE_HARDENED_RUNTIME = YES;
				GENERATE_INFOPLIST_FILE = NO;
				INFOPLIST_FILE = EggplantShot/Info.plist;
				LD_RUNPATH_SEARCH_PATHS = (
					"$(inherited)",
					"@executable_path/../Frameworks",
				);
				MACOSX_DEPLOYMENT_TARGET = 15.0;
				MARKETING_VERSION = 0.1.0;
				PRODUCT_BUNDLE_IDENTIFIER = click.yinsb.EggplantShot;
				PRODUCT_NAME = "$(TARGET_NAME)";
				SWIFT_EMIT_LOC_STRINGS = YES;
				SWIFT_VERSION = 5.0;
			};
			name = Release;
		};
/* End XCBuildConfiguration section */

/* Begin XCConfigurationList section */
		A70000000000000000000001 /* Build configuration list for PBXProject "EggplantShot" */ = {
			isa = XCConfigurationList;
			buildConfigurations = (
				D10000000000000000000001 /* Debug */,
				D10000000000000000000002 /* Release */,
			);
			defaultConfigurationIsVisible = 0;
			defaultConfigurationName = Release;
		};
		A70000000000000000000003 /* Build configuration list for PBXNativeTarget "EggplantShot" */ = {
			isa = XCConfigurationList;
			buildConfigurations = (
				D10000000000000000000003 /* Debug */,
				D10000000000000000000004 /* Release */,
			);
			defaultConfigurationIsVisible = 0;
			defaultConfigurationName = Release;
		};
/* End XCConfigurationList section */
	};
	rootObject = A90000000000000000000001 /* Project object */;
}
